{
  "name": "lesson5",
  "version": "1.0.0",
  "lockfileVersion": 3,
  "requires": true,
  "packages": {
    "": {
      "name": "lesson5",
      "version": "1.0.0",
      "license": "ISC",
      "dependencies": {
        "random-fruits-name": "^1.10.1"
      }
    },
    "node_modules/random-fruits-name": {
      "version": "1.10.1",
      "resolved": "https://registry.npmjs.org/random-fruits-name/-/random-fruits-name-1.10.1.tgz",
      "integrity": "sha512-IDOKbtmTRoMoCZ+V5tP6u24wdKcQg5ffYKrfrGL6EXOSajSsjHCGvsHG1DPlKEv6SAMG0tz/RfV3at7Kd1pspw==",
      "license": "MIT"
    }
  }
}
